
Microsoft Visual Studio Solution File, Format Version 12.00
# Visual Studio Version 17
VisualStudioVersion = 17.10.35122.118
MinimumVisualStudioVersion = 10.0.40219.1
Project("{FAE04EC0-301F-11D3-BF4B-00C04F79EFBC}") = "Blackjack Monte-Carlo", "Blackjack Monte-Carlo\Blackjack Monte-Carlo.csproj", "{01042DDF-9A4D-4134-AD64-9EB66B81388B}"
EndProject
Global
	GlobalSection(SolutionConfigurationPlatforms) = preSolution
		Debug|Any CPU = Debug|Any CPU
		Release|Any CPU = Release|Any CPU
	EndGlobalSection
	GlobalSection(ProjectConfigurationPlatforms) = postSolution
		{01042DDF-9A4D-4134-AD64-9EB66B81388B}.Debug|Any CPU.ActiveCfg = Debug|Any CPU
		{01042DDF-9A4D-4134-AD64-9EB66B81388B}.Debug|Any CPU.Build.0 = Debug|Any CPU
		{01042DDF-9A4D-4134-AD64-9EB66B81388B}.Release|Any CPU.ActiveCfg = Release|Any CPU
		{01042DDF-9A4D-4134-AD64-9EB66B81388B}.Release|Any CPU.Build.0 = Release|Any CPU
	EndGlobalSection
	GlobalSection(SolutionProperties) = preSolution
		HideSolutionNode = FALSE
	EndGlobalSection
	GlobalSection(ExtensibilityGlobals) = postSolution
		SolutionGuid = {7A736923-73FD-411A-BBCC-FA9450C320D1}
	EndGlobalSection
EndGlobal
